
Microsoft Visual Studio Solution File, Format Version 12.00
# Visual Studio Version 16
VisualStudioVersion = 16.0.33214.272
MinimumVisualStudioVersion = 10.0.40219.1
Project("{FAE04EC0-301F-11D3-BF4B-00C04F79EFBC}") = "BlockWindow", "BlockWindow\BlockWindow.csproj", "{F8B23955-F229-47B3-BF71-1F2B080B75F2}"
EndProject
Global
	GlobalSection(SolutionConfigurationPlatforms) = preSolution
		Debug|Any CPU = Debug|Any CPU
		Release|Any CPU = Release|Any CPU
	EndGlobalSection
	GlobalSection(ProjectConfigurationPlatforms) = postSolution
		{F8B23955-F229-47B3-BF71-1F2B080B75F2}.Debug|Any CPU.ActiveCfg = Debug|Any CPU
		{F8B23955-F229-47B3-BF71-1F2B080B75F2}.Debug|Any CPU.Build.0 = Debug|Any CPU
		{F8B23955-F229-47B3-BF71-1F2B080B75F2}.Release|Any CPU.ActiveCfg = Release|Any CPU
		{F8B23955-F229-47B3-BF71-1F2B080B75F2}.Release|Any CPU.Build.0 = Release|Any CPU
	EndGlobalSection
	GlobalSection(SolutionProperties) = preSolution
		HideSolutionNode = FALSE
	EndGlobalSection
	GlobalSection(ExtensibilityGlobals) = postSolution
		SolutionGuid = {5707D979-1C5D-4301-AFF3-6FB924E830B7}
	EndGlobalSection
EndGlobal
